
Microsoft Visual Studio Solution File, Format Version 12.00
Project("{FAE04EC0-301F-11D3-BF4B-00C04F79EFBC}") = "IISManagerCli", "IISManagerCli\IISManagerCli.csproj", "{88459325-C5B7-42EE-9E9D-70B61150FED9}"
EndProject
Global
	GlobalSection(SolutionConfigurationPlatforms) = preSolution
		Debug|Any CPU = Debug|Any CPU
		Release|Any CPU = Release|Any CPU
	EndGlobalSection
	GlobalSection(ProjectConfigurationPlatforms) = postSolution
		{88459325-C5B7-42EE-9E9D-70B61150FED9}.Debug|Any CPU.ActiveCfg = Debug|Any CPU
		{88459325-C5B7-42EE-9E9D-70B61150FED9}.Debug|Any CPU.Build.0 = Debug|Any CPU
		{88459325-C5B7-42EE-9E9D-70B61150FED9}.Release|Any CPU.ActiveCfg = Release|Any CPU
		{88459325-C5B7-42EE-9E9D-70B61150FED9}.Release|Any CPU.Build.0 = Release|Any CPU
	EndGlobalSection
EndGlobal
